
Microsoft Visual Studio Solution File, Format Version 10.00
# Visual Studio 2008
Project("{FAE04EC0-301F-11D3-BF4B-00C04F79EFBC}") = "FluBlocker", "FluBlocker\FluBlocker.csproj", "{84E53191-7369-4D83-92B9-E5F9C01D82DF}"
EndProject
Global
	GlobalSection(SolutionConfigurationPlatforms) = preSolution
		Debug|Any CPU = Debug|Any CPU
		Release|Any CPU = Release|Any CPU
	EndGlobalSection
	GlobalSection(ProjectConfigurationPlatforms) = postSolution
		{84E53191-7369-4D83-92B9-E5F9C01D82DF}.Debug|Any CPU.ActiveCfg = Debug|Any CPU
		{84E53191-7369-4D83-92B9-E5F9C01D82DF}.Debug|Any CPU.Build.0 = Debug|Any CPU
		{84E53191-7369-4D83-92B9-E5F9C01D82DF}.Release|Any CPU.ActiveCfg = Release|Any CPU
		{84E53191-7369-4D83-92B9-E5F9C01D82DF}.Release|Any CPU.Build.0 = Release|Any CPU
	EndGlobalSection
	GlobalSection(SolutionProperties) = preSolution
		HideSolutionNode = FALSE
	EndGlobalSection
EndGlobal
